
Microsoft Visual Studio Solution File, Format Version 12.00
# Visual Studio Version 17
VisualStudioVersion = 17.14.36408.4 d17.14
MinimumVisualStudioVersion = 10.0.40219.1
Project("{FAE04EC0-301F-11D3-BF4B-00C04F79EFBC}") = "SummarizerApi", "SummarizerApi.csproj", "{F8828FA9-15B9-43BE-837F-DB7A9651ADB3}"
EndProject
Global
	GlobalSection(SolutionConfigurationPlatforms) = preSolution
		Debug|Any CPU = Debug|Any CPU
		Release|Any CPU = Release|Any CPU
	EndGlobalSection
	GlobalSection(ProjectConfigurationPlatforms) = postSolution
		{F8828FA9-15B9-43BE-837F-DB7A9651ADB3}.Debug|Any CPU.ActiveCfg = Debug|Any CPU
		{F8828FA9-15B9-43BE-837F-DB7A9651ADB3}.Debug|Any CPU.Build.0 = Debug|Any CPU
		{F8828FA9-15B9-43BE-837F-DB7A9651ADB3}.Release|Any CPU.ActiveCfg = Release|Any CPU
		{F8828FA9-15B9-43BE-837F-DB7A9651ADB3}.Release|Any CPU.Build.0 = Release|Any CPU
	EndGlobalSection
	GlobalSection(SolutionProperties) = preSolution
		HideSolutionNode = FALSE
	EndGlobalSection
	GlobalSection(ExtensibilityGlobals) = postSolution
		SolutionGuid = {EC362B18-B2FF-4479-B949-27F58EC77A6A}
	EndGlobalSection
EndGlobal
